
Microsoft Visual Studio Solution File, Format Version 12.00
# Visual Studio 2013
VisualStudioVersion = 12.0.31101.0
MinimumVisualStudioVersion = 10.0.40219.1
Project("{FAE04EC0-301F-11D3-BF4B-00C04F79EFBC}") = "Poker", "Poker\Poker.csproj", "{3F8B18D1-AFFB-4AAE-A26E-316A4F773A13}"
EndProject
Project("{FAE04EC0-301F-11D3-BF4B-00C04F79EFBC}") = "Tests.Poker", "Tests.Poker\Tests.Poker.csproj", "{2F75C68F-E820-4FE4-8B8F-1DF48B5B45FF}"
EndProject
Global
	GlobalSection(SolutionConfigurationPlatforms) = preSolution
		Debug|Any CPU = Debug|Any CPU
		Debug|ARM = Debug|ARM
		Debug|x64 = Debug|x64
		Debug|x86 = Debug|x86
		Release|Any CPU = Release|Any CPU
		Release|ARM = Release|ARM
		Release|x64 = Release|x64
		Release|x86 = Release|x86
	EndGlobalSection
	GlobalSection(ProjectConfigurationPlatforms) = postSolution
		{3F8B18D1-AFFB-4AAE-A26E-316A4F773A13}.Debug|Any CPU.ActiveCfg = Debug|Any CPU
		{3F8B18D1-AFFB-4AAE-A26E-316A4F773A13}.Debug|Any CPU.Build.0 = Debug|Any CPU
		{3F8B18D1-AFFB-4AAE-A26E-316A4F773A13}.Debug|ARM.ActiveCfg = Debug|Any CPU
		{3F8B18D1-AFFB-4AAE-A26E-316A4F773A13}.Debug|x64.ActiveCfg = Debug|Any CPU
		{3F8B18D1-AFFB-4AAE-A26E-316A4F773A13}.Debug|x86.ActiveCfg = Debug|Any CPU
		{3F8B18D1-AFFB-4AAE-A26E-316A4F773A13}.Release|Any CPU.ActiveCfg = Release|Any CPU
		{3F8B18D1-AFFB-4AAE-A26E-316A4F773A13}.Release|Any CPU.Build.0 = Release|Any CPU
		{3F8B18D1-AFFB-4AAE-A26E-316A4F773A13}.Release|ARM.ActiveCfg = Release|Any CPU
		{3F8B18D1-AFFB-4AAE-A26E-316A4F773A13}.Release|x64.ActiveCfg = Release|Any CPU
		{3F8B18D1-AFFB-4AAE-A26E-316A4F773A13}.Release|x86.ActiveCfg = Release|Any CPU
		{2F75C68F-E820-4FE4-8B8F-1DF48B5B45FF}.Debug|Any CPU.ActiveCfg = Debug|Any CPU
		{2F75C68F-E820-4FE4-8B8F-1DF48B5B45FF}.Debug|Any CPU.Build.0 = Debug|Any CPU
		{2F75C68F-E820-4FE4-8B8F-1DF48B5B45FF}.Debug|ARM.ActiveCfg = Debug|Any CPU
		{2F75C68F-E820-4FE4-8B8F-1DF48B5B45FF}.Debug|x64.ActiveCfg = Debug|Any CPU
		{2F75C68F-E820-4FE4-8B8F-1DF48B5B45FF}.Debug|x86.ActiveCfg = Debug|Any CPU
		{2F75C68F-E820-4FE4-8B8F-1DF48B5B45FF}.Release|Any CPU.ActiveCfg = Release|Any CPU
		{2F75C68F-E820-4FE4-8B8F-1DF48B5B45FF}.Release|Any CPU.Build.0 = Release|Any CPU
		{2F75C68F-E820-4FE4-8B8F-1DF48B5B45FF}.Release|ARM.ActiveCfg = Release|Any CPU
		{2F75C68F-E820-4FE4-8B8F-1DF48B5B45FF}.Release|x64.ActiveCfg = Release|Any CPU
		{2F75C68F-E820-4FE4-8B8F-1DF48B5B45FF}.Release|x86.ActiveCfg = Release|Any CPU
	EndGlobalSection
	GlobalSection(SolutionProperties) = preSolution
		HideSolutionNode = FALSE
	EndGlobalSection
EndGlobal
